
Microsoft Visual Studio Solution File, Format Version 12.00
# Visual Studio Version 17
VisualStudioVersion = 17.5.33424.131
MinimumVisualStudioVersion = 10.0.40219.1
Project("{FAE04EC0-301F-11D3-BF4B-00C04F79EFBC}") = "AspCoreMiddleware", "AspCoreMiddleware\AspCoreMiddleware.csproj", "{0E975580-79D7-46CB-9074-FD8CB580DAFE}"
EndProject
Global
	GlobalSection(SolutionConfigurationPlatforms) = preSolution
		Debug|Any CPU = Debug|Any CPU
		Release|Any CPU = Release|Any CPU
	EndGlobalSection
	GlobalSection(ProjectConfigurationPlatforms) = postSolution
		{0E975580-79D7-46CB-9074-FD8CB580DAFE}.Debug|Any CPU.ActiveCfg = Debug|Any CPU
		{0E975580-79D7-46CB-9074-FD8CB580DAFE}.Debug|Any CPU.Build.0 = Debug|Any CPU
		{0E975580-79D7-46CB-9074-FD8CB580DAFE}.Release|Any CPU.ActiveCfg = Release|Any CPU
		{0E975580-79D7-46CB-9074-FD8CB580DAFE}.Release|Any CPU.Build.0 = Release|Any CPU
	EndGlobalSection
	GlobalSection(SolutionProperties) = preSolution
		HideSolutionNode = FALSE
	EndGlobalSection
	GlobalSection(ExtensibilityGlobals) = postSolution
		SolutionGuid = {7FD03B77-A6A8-4B68-9CA1-58101A500FA5}
	EndGlobalSection
EndGlobal
