
Microsoft Visual Studio Solution File, Format Version 12.00
# Visual Studio Version 17
VisualStudioVersion = 17.5.33424.131
MinimumVisualStudioVersion = 10.0.40219.1
Project("{FAE04EC0-301F-11D3-BF4B-00C04F79EFBC}") = "Calculator", "Calculator\Calculator.csproj", "{CE242E1D-69DA-40CC-8B7B-029552AE257D}"
EndProject
Global
	GlobalSection(SolutionConfigurationPlatforms) = preSolution
		Debug|Any CPU = Debug|Any CPU
		Release|Any CPU = Release|Any CPU
	EndGlobalSection
	GlobalSection(ProjectConfigurationPlatforms) = postSolution
		{CE242E1D-69DA-40CC-8B7B-029552AE257D}.Debug|Any CPU.ActiveCfg = Debug|Any CPU
		{CE242E1D-69DA-40CC-8B7B-029552AE257D}.Debug|Any CPU.Build.0 = Debug|Any CPU
		{CE242E1D-69DA-40CC-8B7B-029552AE257D}.Release|Any CPU.ActiveCfg = Release|Any CPU
		{CE242E1D-69DA-40CC-8B7B-029552AE257D}.Release|Any CPU.Build.0 = Release|Any CPU
	EndGlobalSection
	GlobalSection(SolutionProperties) = preSolution
		HideSolutionNode = FALSE
	EndGlobalSection
	GlobalSection(ExtensibilityGlobals) = postSolution
		SolutionGuid = {E25605CA-3B9B-4003-8A71-0DE3EB8B7F82}
	EndGlobalSection
EndGlobal
