
Microsoft Visual Studio Solution File, Format Version 12.00
# Visual Studio Version 17
VisualStudioVersion = 17.5.33424.131
MinimumVisualStudioVersion = 10.0.40219.1
Project("{FAE04EC0-301F-11D3-BF4B-00C04F79EFBC}") = "DatabaseFirstEFCode", "DatabaseFirstEFCode\DatabaseFirstEFCode.csproj", "{09BB0CF1-1107-4E12-81C8-8D32B0B399C3}"
EndProject
Global
	GlobalSection(SolutionConfigurationPlatforms) = preSolution
		Debug|Any CPU = Debug|Any CPU
		Release|Any CPU = Release|Any CPU
	EndGlobalSection
	GlobalSection(ProjectConfigurationPlatforms) = postSolution
		{09BB0CF1-1107-4E12-81C8-8D32B0B399C3}.Debug|Any CPU.ActiveCfg = Debug|Any CPU
		{09BB0CF1-1107-4E12-81C8-8D32B0B399C3}.Debug|Any CPU.Build.0 = Debug|Any CPU
		{09BB0CF1-1107-4E12-81C8-8D32B0B399C3}.Release|Any CPU.ActiveCfg = Release|Any CPU
		{09BB0CF1-1107-4E12-81C8-8D32B0B399C3}.Release|Any CPU.Build.0 = Release|Any CPU
	EndGlobalSection
	GlobalSection(SolutionProperties) = preSolution
		HideSolutionNode = FALSE
	EndGlobalSection
	GlobalSection(ExtensibilityGlobals) = postSolution
		SolutionGuid = {2FC3F0F7-D30E-42C3-86BF-737683377D89}
	EndGlobalSection
EndGlobal
