
Microsoft Visual Studio Solution File, Format Version 12.00
# Visual Studio Version 17
VisualStudioVersion = 17.5.33424.131
MinimumVisualStudioVersion = 10.0.40219.1
Project("{FAE04EC0-301F-11D3-BF4B-00C04F79EFBC}") = "UserInput", "UserInput\UserInput.csproj", "{6AA4232F-C523-49A3-8340-AD56B3363B8B}"
EndProject
Global
	GlobalSection(SolutionConfigurationPlatforms) = preSolution
		Debug|Any CPU = Debug|Any CPU
		Release|Any CPU = Release|Any CPU
	EndGlobalSection
	GlobalSection(ProjectConfigurationPlatforms) = postSolution
		{6AA4232F-C523-49A3-8340-AD56B3363B8B}.Debug|Any CPU.ActiveCfg = Debug|Any CPU
		{6AA4232F-C523-49A3-8340-AD56B3363B8B}.Debug|Any CPU.Build.0 = Debug|Any CPU
		{6AA4232F-C523-49A3-8340-AD56B3363B8B}.Release|Any CPU.ActiveCfg = Release|Any CPU
		{6AA4232F-C523-49A3-8340-AD56B3363B8B}.Release|Any CPU.Build.0 = Release|Any CPU
	EndGlobalSection
	GlobalSection(SolutionProperties) = preSolution
		HideSolutionNode = FALSE
	EndGlobalSection
	GlobalSection(ExtensibilityGlobals) = postSolution
		SolutionGuid = {6546DF47-2A63-47E3-9736-DA9E3D3EB7E5}
	EndGlobalSection
EndGlobal
