
Microsoft Visual Studio Solution File, Format Version 12.00
# Visual Studio Version 17
VisualStudioVersion = 17.5.33424.131
MinimumVisualStudioVersion = 10.0.40219.1
Project("{FAE04EC0-301F-11D3-BF4B-00C04F79EFBC}") = "DashboardApplication", "DashboardApplication\DashboardApplication.csproj", "{B594A107-DB6D-4852-8795-813E1E6B8E8C}"
EndProject
Global
	GlobalSection(SolutionConfigurationPlatforms) = preSolution
		Debug|Any CPU = Debug|Any CPU
		Release|Any CPU = Release|Any CPU
	EndGlobalSection
	GlobalSection(ProjectConfigurationPlatforms) = postSolution
		{B594A107-DB6D-4852-8795-813E1E6B8E8C}.Debug|Any CPU.ActiveCfg = Debug|Any CPU
		{B594A107-DB6D-4852-8795-813E1E6B8E8C}.Debug|Any CPU.Build.0 = Debug|Any CPU
		{B594A107-DB6D-4852-8795-813E1E6B8E8C}.Release|Any CPU.ActiveCfg = Release|Any CPU
		{B594A107-DB6D-4852-8795-813E1E6B8E8C}.Release|Any CPU.Build.0 = Release|Any CPU
	EndGlobalSection
	GlobalSection(SolutionProperties) = preSolution
		HideSolutionNode = FALSE
	EndGlobalSection
	GlobalSection(ExtensibilityGlobals) = postSolution
		SolutionGuid = {D01CDD28-015A-451D-8972-AE76CBDDDBC6}
	EndGlobalSection
EndGlobal
